
Microsoft Visual Studio Solution File, Format Version 12.00
# Visual Studio Version 16
VisualStudioVersion = 16.0.31105.61
MinimumVisualStudioVersion = 10.0.40219.1
Project("{FAE04EC0-301F-11D3-BF4B-00C04F79EFBC}") = "APIConsulta", "APIConsulta.csproj", "{493505C1-C428-4276-A6D0-65CA103DAB47}"
EndProject
Global
	GlobalSection(SolutionConfigurationPlatforms) = preSolution
		Debug|Any CPU = Debug|Any CPU
		Release|Any CPU = Release|Any CPU
	EndGlobalSection
	GlobalSection(ProjectConfigurationPlatforms) = postSolution
		{493505C1-C428-4276-A6D0-65CA103DAB47}.Debug|Any CPU.ActiveCfg = Debug|Any CPU
		{493505C1-C428-4276-A6D0-65CA103DAB47}.Debug|Any CPU.Build.0 = Debug|Any CPU
		{493505C1-C428-4276-A6D0-65CA103DAB47}.Release|Any CPU.ActiveCfg = Release|Any CPU
		{493505C1-C428-4276-A6D0-65CA103DAB47}.Release|Any CPU.Build.0 = Release|Any CPU
	EndGlobalSection
	GlobalSection(SolutionProperties) = preSolution
		HideSolutionNode = FALSE
	EndGlobalSection
	GlobalSection(ExtensibilityGlobals) = postSolution
		SolutionGuid = {BA3EF506-4011-4057-98FF-A9C4DF0C6A95}
	EndGlobalSection
EndGlobal
